
Microsoft Visual Studio Solution File, Format Version 12.00
# Visual Studio Version 16
VisualStudioVersion = 16.0.30204.135
MinimumVisualStudioVersion = 10.0.40219.1
Project("{FAE04EC0-301F-11D3-BF4B-00C04F79EFBC}") = "EssayWebApi", "EssayApplication\EssayWebApi.csproj", "{D399C0F2-E263-4C40-936D-7E1D51A90FF1}"
EndProject
Project("{FAE04EC0-301F-11D3-BF4B-00C04F79EFBC}") = "EssayCore", "EssayCore\EssayCore.csproj", "{AA0AC0C2-D464-4317-8D10-538C62BDCCBB}"
EndProject
Project("{FAE04EC0-301F-11D3-BF4B-00C04F79EFBC}") = "EssayBusiness", "EssayBusiness\EssayBusiness.csproj", "{C1901E1C-C160-4742-819D-2CB7346F8D9B}"
EndProject
Project("{FAE04EC0-301F-11D3-BF4B-00C04F79EFBC}") = "EssayService", "EssayService\EssayService.csproj", "{43F7F446-A5B6-4490-BEEB-DD9AA1D4587D}"
EndProject
Project("{FAE04EC0-301F-11D3-BF4B-00C04F79EFBC}") = "EssayData", "EssayData\EssayData.csproj", "{886385EE-D0B2-47DD-8204-46F4757D8F3C}"
EndProject
Global
	GlobalSection(SolutionConfigurationPlatforms) = preSolution
		Debug|Any CPU = Debug|Any CPU
		Release|Any CPU = Release|Any CPU
	EndGlobalSection
	GlobalSection(ProjectConfigurationPlatforms) = postSolution
		{D399C0F2-E263-4C40-936D-7E1D51A90FF1}.Debug|Any CPU.ActiveCfg = Debug|Any CPU
		{D399C0F2-E263-4C40-936D-7E1D51A90FF1}.Debug|Any CPU.Build.0 = Debug|Any CPU
		{D399C0F2-E263-4C40-936D-7E1D51A90FF1}.Release|Any CPU.ActiveCfg = Release|Any CPU
		{D399C0F2-E263-4C40-936D-7E1D51A90FF1}.Release|Any CPU.Build.0 = Release|Any CPU
		{AA0AC0C2-D464-4317-8D10-538C62BDCCBB}.Debug|Any CPU.ActiveCfg = Debug|Any CPU
		{AA0AC0C2-D464-4317-8D10-538C62BDCCBB}.Debug|Any CPU.Build.0 = Debug|Any CPU
		{AA0AC0C2-D464-4317-8D10-538C62BDCCBB}.Release|Any CPU.ActiveCfg = Release|Any CPU
		{AA0AC0C2-D464-4317-8D10-538C62BDCCBB}.Release|Any CPU.Build.0 = Release|Any CPU
		{C1901E1C-C160-4742-819D-2CB7346F8D9B}.Debug|Any CPU.ActiveCfg = Debug|Any CPU
		{C1901E1C-C160-4742-819D-2CB7346F8D9B}.Debug|Any CPU.Build.0 = Debug|Any CPU
		{C1901E1C-C160-4742-819D-2CB7346F8D9B}.Release|Any CPU.ActiveCfg = Release|Any CPU
		{C1901E1C-C160-4742-819D-2CB7346F8D9B}.Release|Any CPU.Build.0 = Release|Any CPU
		{43F7F446-A5B6-4490-BEEB-DD9AA1D4587D}.Debug|Any CPU.ActiveCfg = Debug|Any CPU
		{43F7F446-A5B6-4490-BEEB-DD9AA1D4587D}.Debug|Any CPU.Build.0 = Debug|Any CPU
		{43F7F446-A5B6-4490-BEEB-DD9AA1D4587D}.Release|Any CPU.ActiveCfg = Release|Any CPU
		{43F7F446-A5B6-4490-BEEB-DD9AA1D4587D}.Release|Any CPU.Build.0 = Release|Any CPU
		{886385EE-D0B2-47DD-8204-46F4757D8F3C}.Debug|Any CPU.ActiveCfg = Debug|Any CPU
		{886385EE-D0B2-47DD-8204-46F4757D8F3C}.Debug|Any CPU.Build.0 = Debug|Any CPU
		{886385EE-D0B2-47DD-8204-46F4757D8F3C}.Release|Any CPU.ActiveCfg = Release|Any CPU
		{886385EE-D0B2-47DD-8204-46F4757D8F3C}.Release|Any CPU.Build.0 = Release|Any CPU
	EndGlobalSection
	GlobalSection(SolutionProperties) = preSolution
		HideSolutionNode = FALSE
	EndGlobalSection
	GlobalSection(ExtensibilityGlobals) = postSolution
		SolutionGuid = {4EE88906-5E41-4003-901A-A579FAFE3108}
	EndGlobalSection
EndGlobal
